<?xml version="1.0" encoding="utf-8"?>
<Project ToolsVersion="4.0" xmlns="http://schemas.microsoft.com/developer/msbuild/2003">
  <ItemGroup>
    <Filter Include="소스 파일">
      <UniqueIdentifier>{4FC737F1-C7A5-4376-A066-2A32D752A2FF}</UniqueIdentifier>
      <Extensions>cpp;c;cc;cxx;c++;cppm;ixx;def;odl;idl;hpj;bat;asm;asmx</Extensions>
    </Filter>
    <Filter Include="헤더 파일">
      <UniqueIdentifier>{93995380-89BD-4b04-88EB-625FBE52EBFB}</UniqueIdentifier>
      <Extensions>h;hh;hpp;hxx;h++;hm;inl;inc;ipp;xsd</Extensions>
    </Filter>
    <Filter Include="리소스 파일">
      <UniqueIdentifier>{67DA6AB6-F800-4c08-8B7A-83BB121AAD01}</UniqueIdentifier>
      <Extensions>rc;ico;cur;bmp;dlg;rc2;rct;bin;rgs;gif;jpg;jpeg;jpe;resx;tiff;tif;png;wav;mfcribbon-ms</Extensions>
    </Filter>
  </ItemGroup>
  <ItemGroup>
    <ClCompile Include="main.cpp">
      <Filter>소스 파일</Filter>
    </ClCompile>
    <ClCompile Include="SignUpUI.cpp">
      <Filter>소스 파일</Filter>
    </ClCompile>
    <ClCompile Include="SignUp.cpp">
      <Filter>소스 파일</Filter>
    </ClCompile>
    <ClCompile Include="User.cpp">
      <Filter>소스 파일</Filter>
    </ClCompile>
    <ClCompile Include="Database.cpp">
      <Filter>소스 파일</Filter>
    </ClCompile>
    <ClCompile Include="Member.cpp">
      <Filter>소스 파일</Filter>
    </ClCompile>
    <ClCompile Include="Manager.cpp">
      <Filter>소스 파일</Filter>
    </ClCompile>
    <ClCompile Include="Bicycle.cpp">
      <Filter>소스 파일</Filter>
    </ClCompile>
    <ClCompile Include="LogIn.cpp">
      <Filter>소스 파일</Filter>
    </ClCompile>
    <ClCompile Include="LogInUI.cpp">
      <Filter>소스 파일</Filter>
    </ClCompile>
    <ClCompile Include="LogOutUI.cpp">
      <Filter>소스 파일</Filter>
    </ClCompile>
    <ClCompile Include="LogOut.cpp">
      <Filter>소스 파일</Filter>
    </ClCompile>
    <ClCompile Include="RegisterBicycleUI.cpp">
      <Filter>소스 파일</Filter>
    </ClCompile>
    <ClCompile Include="RegisterBicycle.cpp">
      <Filter>소스 파일</Filter>
    </ClCompile>
    <ClCompile Include="RentBicycleUI.cpp">
      <Filter>소스 파일</Filter>
    </ClCompile>
    <ClCompile Include="RentBicycle.cpp">
      <Filter>소스 파일</Filter>
    </ClCompile>
    <ClCompile Include="ViewRentalInfoUI.cpp">
      <Filter>소스 파일</Filter>
    </ClCompile>
    <ClCompile Include="ViewRentalInfo.cpp">
      <Filter>소스 파일</Filter>
    </ClCompile>
    <ClCompile Include="Exit.cpp">
      <Filter>소스 파일</Filter>
    </ClCompile>
    <ClCompile Include="ExitUI.cpp">
      <Filter>소스 파일</Filter>
    </ClCompile>
  </ItemGroup>
  <ItemGroup>
    <ClInclude Include="SignUpUI.h">
      <Filter>헤더 파일</Filter>
    </ClInclude>
    <ClInclude Include="SignUp.h">
      <Filter>헤더 파일</Filter>
    </ClInclude>
    <ClInclude Include="User.h">
      <Filter>헤더 파일</Filter>
    </ClInclude>
    <ClInclude Include="Database.h">
      <Filter>헤더 파일</Filter>
    </ClInclude>
    <ClInclude Include="Member.h">
      <Filter>헤더 파일</Filter>
    </ClInclude>
    <ClInclude Include="Manager.h">
      <Filter>헤더 파일</Filter>
    </ClInclude>
    <ClInclude Include="Bicycle.h">
      <Filter>헤더 파일</Filter>
    </ClInclude>
    <ClInclude Include="LogIn.h">
      <Filter>헤더 파일</Filter>
    </ClInclude>
    <ClInclude Include="LogInUI.h">
      <Filter>헤더 파일</Filter>
    </ClInclude>
    <ClInclude Include="LogOutUI.h">
      <Filter>헤더 파일</Filter>
    </ClInclude>
    <ClInclude Include="LogOut.h">
      <Filter>헤더 파일</Filter>
    </ClInclude>
    <ClInclude Include="RegisterBicycleUI.h">
      <Filter>헤더 파일</Filter>
    </ClInclude>
    <ClInclude Include="RegisterBicycle.h">
      <Filter>헤더 파일</Filter>
    </ClInclude>
    <ClInclude Include="RentBicycleUI.h">
      <Filter>헤더 파일</Filter>
    </ClInclude>
    <ClInclude Include="RentBicycle.h">
      <Filter>헤더 파일</Filter>
    </ClInclude>
    <ClInclude Include="ViewRentalInfoUI.h">
      <Filter>헤더 파일</Filter>
    </ClInclude>
    <ClInclude Include="ViewRentalInfo.h">
      <Filter>헤더 파일</Filter>
    </ClInclude>
    <ClInclude Include="Exit.h">
      <Filter>헤더 파일</Filter>
    </ClInclude>
    <ClInclude Include="ExitUI.h">
      <Filter>헤더 파일</Filter>
    </ClInclude>
  </ItemGroup>
</Project>